
Microsoft Visual Studio Solution File, Format Version 12.00
# Visual Studio Version 16
VisualStudioVersion = 16.0.31911.196
MinimumVisualStudioVersion = 10.0.40219.1
Project("{FAE04EC0-301F-11D3-BF4B-00C04F79EFBC}") = "Lesson12", "Lesson12\Lesson12.csproj", "{49AE3933-F9BF-4CE1-80B2-28CEDEC70F2E}"
EndProject
Global
	GlobalSection(SolutionConfigurationPlatforms) = preSolution
		Debug|Any CPU = Debug|Any CPU
		Release|Any CPU = Release|Any CPU
	EndGlobalSection
	GlobalSection(ProjectConfigurationPlatforms) = postSolution
		{49AE3933-F9BF-4CE1-80B2-28CEDEC70F2E}.Debug|Any CPU.ActiveCfg = Debug|Any CPU
		{49AE3933-F9BF-4CE1-80B2-28CEDEC70F2E}.Debug|Any CPU.Build.0 = Debug|Any CPU
		{49AE3933-F9BF-4CE1-80B2-28CEDEC70F2E}.Release|Any CPU.ActiveCfg = Release|Any CPU
		{49AE3933-F9BF-4CE1-80B2-28CEDEC70F2E}.Release|Any CPU.Build.0 = Release|Any CPU
	EndGlobalSection
	GlobalSection(SolutionProperties) = preSolution
		HideSolutionNode = FALSE
	EndGlobalSection
	GlobalSection(ExtensibilityGlobals) = postSolution
		SolutionGuid = {EB815074-5BF2-4FB9-82E3-5B75CF847788}
	EndGlobalSection
EndGlobal
